// !$*UTF8*$!
{
	archiveVersion = 1;
	classes = {
	};
	objectVersion = 46;
	objects = {

/* Begin PBXBuildFile section */
		9A8FBA041E88F09300C149ED /* main.cpp in Sources */ = {isa = PBXBuildFile; fileRef = 9A8FBA031E88F09300C149ED /* main.cpp */; };
		9A8FBA1A1E88FD5800C149ED /* PTHttpClient.cpp in Sources */ = {isa = PBXBuildFile; fileRef = 9A8FBA181E88FD5800C149ED /* PTHttpClient.cpp */; };
		9A8FBA1D1E8906C100C149ED /* kuma.dylib in Frameworks */ = {isa = PBXBuildFile; fileRef = 9A8FBA1C1E8906C100C149ED /* kuma.dylib */; };
		9A8FBA201E8A47CA00C149ED /* PTHttpRequest.cpp in Sources */ = {isa = PBXBuildFile; fileRef = 9A8FBA1E1E8A47CA00C149ED /* PTHttpRequest.cpp */; };
		9A8FBA231E8A47E000C149ED /* PTLoopPool.cpp in Sources */ = {isa = PBXBuildFile; fileRef = 9A8FBA211E8A47E000C149ED /* PTLoopPool.cpp */; };
		9A8FBA261E8A47F000C149ED /* PTLoop.cpp in Sources */ = {isa = PBXBuildFile; fileRef = 9A8FBA241E8A47F000C149ED /* PTLoop.cpp */; };
/* End PBXBuildFile section */

/* Begin PBXCopyFilesBuildPhase section */
		9A8FB9FE1E88F09300C149ED /* CopyFiles */ = {
			isa = PBXCopyFilesBuildPhase;
			buildActionMask = 2147483647;
			dstPath = /usr/share/man/man1/;
			dstSubfolderSpec = 0;
			files = (
			);
			runOnlyForDeploymentPostprocessing = 1;
		};
/* End PBXCopyFilesBuildPhase section */

/* Begin PBXFileReference section */
		9A8FBA001E88F09300C149ED /* KumaClient */ = {isa = PBXFileReference; explicitFileType = "compiled.mach-o.executable"; includeInIndex = 0; path = KumaClient; sourceTree = BUILT_PRODUCTS_DIR; };
		9A8FBA031E88F09300C149ED /* main.cpp */ = {isa = PBXFileReference; lastKnownFileType = sourcecode.cpp.cpp; path = main.cpp; sourceTree = "<group>"; };
		9A8FBA101E88FB4300C149ED /* evdefs.h */ = {isa = PBXFileReference; lastKnownFileType = sourcecode.c.h; path = evdefs.h; sourceTree = "<group>"; };
		9A8FBA111E88FB4300C149ED /* kmapi.h */ = {isa = PBXFileReference; lastKnownFileType = sourcecode.c.h; path = kmapi.h; sourceTree = "<group>"; };
		9A8FBA121E88FB4300C149ED /* kmconf.h */ = {isa = PBXFileReference; lastKnownFileType = sourcecode.c.h; path = kmconf.h; sourceTree = "<group>"; };
		9A8FBA131E88FB4300C149ED /* kmdefs.h */ = {isa = PBXFileReference; lastKnownFileType = sourcecode.c.h; path = kmdefs.h; sourceTree = "<group>"; };
		9A8FBA181E88FD5800C149ED /* PTHttpClient.cpp */ = {isa = PBXFileReference; fileEncoding = 4; lastKnownFileType = sourcecode.cpp.cpp; path = PTHttpClient.cpp; sourceTree = "<group>"; };
		9A8FBA191E88FD5800C149ED /* PTHttpClient.hpp */ = {isa = PBXFileReference; fileEncoding = 4; lastKnownFileType = sourcecode.cpp.h; path = PTHttpClient.hpp; sourceTree = "<group>"; };
		9A8FBA1C1E8906C100C149ED /* kuma.dylib */ = {isa = PBXFileReference; lastKnownFileType = "compiled.mach-o.dylib"; name = kuma.dylib; path = "../../../../../../Library/Developer/Xcode/DerivedData/Kuma-bznsgwcbczfqfxgwzjvchltnitgl/Build/Products/Debug/kuma.dylib"; sourceTree = "<group>"; };
		9A8FBA1E1E8A47CA00C149ED /* PTHttpRequest.cpp */ = {isa = PBXFileReference; fileEncoding = 4; lastKnownFileType = sourcecode.cpp.cpp; path = PTHttpRequest.cpp; sourceTree = "<group>"; };
		9A8FBA1F1E8A47CA00C149ED /* PTHttpRequest.hpp */ = {isa = PBXFileReference; fileEncoding = 4; lastKnownFileType = sourcecode.cpp.h; path = PTHttpRequest.hpp; sourceTree = "<group>"; };
		9A8FBA211E8A47E000C149ED /* PTLoopPool.cpp */ = {isa = PBXFileReference; fileEncoding = 4; lastKnownFileType = sourcecode.cpp.cpp; path = PTLoopPool.cpp; sourceTree = "<group>"; };
		9A8FBA221E8A47E000C149ED /* PTLoopPool.hpp */ = {isa = PBXFileReference; fileEncoding = 4; lastKnownFileType = sourcecode.cpp.h; path = PTLoopPool.hpp; sourceTree = "<group>"; };
		9A8FBA241E8A47F000C149ED /* PTLoop.cpp */ = {isa = PBXFileReference; fileEncoding = 4; lastKnownFileType = sourcecode.cpp.cpp; path = PTLoop.cpp; sourceTree = "<group>"; };
		9A8FBA251E8A47F000C149ED /* PTLoop.hpp */ = {isa = PBXFileReference; fileEncoding = 4; lastKnownFileType = sourcecode.cpp.h; path = PTLoop.hpp; sourceTree = "<group>"; };
/* End PBXFileReference section */

/* Begin PBXFrameworksBuildPhase section */
		9A8FB9FD1E88F09300C149ED /* Frameworks */ = {
			isa = PBXFrameworksBuildPhase;
			buildActionMask = 2147483647;
			files = (
				9A8FBA1D1E8906C100C149ED /* kuma.dylib in Frameworks */,
			);
			runOnlyForDeploymentPostprocessing = 0;
		};
/* End PBXFrameworksBuildPhase section */

/* Begin PBXGroup section */
		9A8FB9F71E88F09300C149ED = {
			isa = PBXGroup;
			children = (
				9A8FBA0F1E88FB4300C149ED /* kuma */,
				9A8FBA021E88F09300C149ED /* KumaClient */,
				9A8FBA011E88F09300C149ED /* Products */,
				9A8FBA1B1E8906C100C149ED /* Frameworks */,
			);
			sourceTree = "<group>";
		};
		9A8FBA011E88F09300C149ED /* Products */ = {
			isa = PBXGroup;
			children = (
				9A8FBA001E88F09300C149ED /* KumaClient */,
			);
			name = Products;
			sourceTree = "<group>";
		};
		9A8FBA021E88F09300C149ED /* KumaClient */ = {
			isa = PBXGroup;
			children = (
				9A8FBA031E88F09300C149ED /* main.cpp */,
				9A8FBA181E88FD5800C149ED /* PTHttpClient.cpp */,
				9A8FBA191E88FD5800C149ED /* PTHttpClient.hpp */,
				9A8FBA1E1E8A47CA00C149ED /* PTHttpRequest.cpp */,
				9A8FBA1F1E8A47CA00C149ED /* PTHttpRequest.hpp */,
				9A8FBA211E8A47E000C149ED /* PTLoopPool.cpp */,
				9A8FBA221E8A47E000C149ED /* PTLoopPool.hpp */,
				9A8FBA241E8A47F000C149ED /* PTLoop.cpp */,
				9A8FBA251E8A47F000C149ED /* PTLoop.hpp */,
			);
			path = KumaClient;
			sourceTree = "<group>";
		};
		9A8FBA0F1E88FB4300C149ED /* kuma */ = {
			isa = PBXGroup;
			children = (
				9A8FBA101E88FB4300C149ED /* evdefs.h */,
				9A8FBA111E88FB4300C149ED /* kmapi.h */,
				9A8FBA121E88FB4300C149ED /* kmconf.h */,
				9A8FBA131E88FB4300C149ED /* kmdefs.h */,
			);
			path = kuma;
			sourceTree = "<group>";
		};
		9A8FBA1B1E8906C100C149ED /* Frameworks */ = {
			isa = PBXGroup;
			children = (
				9A8FBA1C1E8906C100C149ED /* kuma.dylib */,
			);
			name = Frameworks;
			sourceTree = "<group>";
		};
/* End PBXGroup section */

/* Begin PBXNativeTarget section */
		9A8FB9FF1E88F09300C149ED /* KumaClient */ = {
			isa = PBXNativeTarget;
			buildConfigurationList = 9A8FBA071E88F09300C149ED /* Build configuration list for PBXNativeTarget "KumaClient" */;
			buildPhases = (
				9A8FB9FC1E88F09300C149ED /* Sources */,
				9A8FB9FD1E88F09300C149ED /* Frameworks */,
				9A8FB9FE1E88F09300C149ED /* CopyFiles */,
			);
			buildRules = (
			);
			dependencies = (
			);
			name = KumaClient;
			productName = KumaClient;
			productReference = 9A8FBA001E88F09300C149ED /* KumaClient */;
			productType = "com.apple.product-type.tool";
		};
/* End PBXNativeTarget section */

/* Begin PBXProject section */
		9A8FB9F81E88F09300C149ED /* Project object */ = {
			isa = PBXProject;
			attributes = {
				LastUpgradeCheck = 0820;
				ORGANIZATIONNAME = putao;
				TargetAttributes = {
					9A8FB9FF1E88F09300C149ED = {
						CreatedOnToolsVersion = 8.2;
						DevelopmentTeam = W395RC57B2;
						ProvisioningStyle = Automatic;
					};
				};
			};
			buildConfigurationList = 9A8FB9FB1E88F09300C149ED /* Build configuration list for PBXProject "KumaClient" */;
			compatibilityVersion = "Xcode 3.2";
			developmentRegion = English;
			hasScannedForEncodings = 0;
			knownRegions = (
				en,
			);
			mainGroup = 9A8FB9F71E88F09300C149ED;
			productRefGroup = 9A8FBA011E88F09300C149ED /* Products */;
			projectDirPath = "";
			projectRoot = "";
			targets = (
				9A8FB9FF1E88F09300C149ED /* KumaClient */,
			);
		};
/* End PBXProject section */

/* Begin PBXSourcesBuildPhase section */
		9A8FB9FC1E88F09300C149ED /* Sources */ = {
			isa = PBXSourcesBuildPhase;
			buildActionMask = 2147483647;
			files = (
				9A8FBA201E8A47CA00C149ED /* PTHttpRequest.cpp in Sources */,
				9A8FBA1A1E88FD5800C149ED /* PTHttpClient.cpp in Sources */,
				9A8FBA041E88F09300C149ED /* main.cpp in Sources */,
				9A8FBA261E8A47F000C149ED /* PTLoop.cpp in Sources */,
				9A8FBA231E8A47E000C149ED /* PTLoopPool.cpp in Sources */,
			);
			runOnlyForDeploymentPostprocessing = 0;
		};
/* End PBXSourcesBuildPhase section */

/* Begin XCBuildConfiguration section */
		9A8FBA051E88F09300C149ED /* Debug */ = {
			isa = XCBuildConfiguration;
			buildSettings = {
				ALWAYS_SEARCH_USER_PATHS = NO;
				CLANG_ANALYZER_NONNULL = YES;
				CLANG_CXX_LANGUAGE_STANDARD = "gnu++0x";
				CLANG_CXX_LIBRARY = "libc++";
				CLANG_ENABLE_MODULES = YES;
				CLANG_ENABLE_OBJC_ARC = YES;
				CLANG_WARN_BOOL_CONVERSION = YES;
				CLANG_WARN_CONSTANT_CONVERSION = YES;
				CLANG_WARN_DIRECT_OBJC_ISA_USAGE = YES_ERROR;
				CLANG_WARN_DOCUMENTATION_COMMENTS = YES;
				CLANG_WARN_EMPTY_BODY = YES;
				CLANG_WARN_ENUM_CONVERSION = YES;
				CLANG_WARN_INFINITE_RECURSION = YES;
				CLANG_WARN_INT_CONVERSION = YES;
				CLANG_WARN_OBJC_ROOT_CLASS = YES_ERROR;
				CLANG_WARN_SUSPICIOUS_MOVE = YES;
				CLANG_WARN_UNREACHABLE_CODE = YES;
				CLANG_WARN__DUPLICATE_METHOD_MATCH = YES;
				CODE_SIGN_IDENTITY = "-";
				COPY_PHASE_STRIP = NO;
				DEBUG_INFORMATION_FORMAT = dwarf;
				ENABLE_STRICT_OBJC_MSGSEND = YES;
				ENABLE_TESTABILITY = YES;
				GCC_C_LANGUAGE_STANDARD = gnu99;
				GCC_DYNAMIC_NO_PIC = NO;
				GCC_NO_COMMON_BLOCKS = YES;
				GCC_OPTIMIZATION_LEVEL = 0;
				GCC_PREPROCESSOR_DEFINITIONS = (
					"DEBUG=1",
					"$(inherited)",
				);
				GCC_WARN_64_TO_32_BIT_CONVERSION = YES;
				GCC_WARN_ABOUT_RETURN_TYPE = YES_ERROR;
				GCC_WARN_UNDECLARED_SELECTOR = YES;
				GCC_WARN_UNINITIALIZED_AUTOS = YES_AGGRESSIVE;
				GCC_WARN_UNUSED_FUNCTION = YES;
				GCC_WARN_UNUSED_VARIABLE = YES;
				MACOSX_DEPLOYMENT_TARGET = 10.12;
				MTL_ENABLE_DEBUG_INFO = YES;
				ONLY_ACTIVE_ARCH = YES;
				SDKROOT = macosx;
			};
			name = Debug;
		};
		9A8FBA061E88F09300C149ED /* Release */ = {
			isa = XCBuildConfiguration;
			buildSettings = {
				ALWAYS_SEARCH_USER_PATHS = NO;
				CLANG_ANALYZER_NONNULL = YES;
				CLANG_CXX_LANGUAGE_STANDARD = "gnu++0x";
				CLANG_CXX_LIBRARY = "libc++";
				CLANG_ENABLE_MODULES = YES;
				CLANG_ENABLE_OBJC_ARC = YES;
				CLANG_WARN_BOOL_CONVERSION = YES;
				CLANG_WARN_CONSTANT_CONVERSION = YES;
				CLANG_WARN_DIRECT_OBJC_ISA_USAGE = YES_ERROR;
				CLANG_WARN_DOCUMENTATION_COMMENTS = YES;
				CLANG_WARN_EMPTY_BODY = YES;
				CLANG_WARN_ENUM_CONVERSION = YES;
				CLANG_WARN_INFINITE_RECURSION = YES;
				CLANG_WARN_INT_CONVERSION = YES;
				CLANG_WARN_OBJC_ROOT_CLASS = YES_ERROR;
				CLANG_WARN_SUSPICIOUS_MOVE = YES;
				CLANG_WARN_UNREACHABLE_CODE = YES;
				CLANG_WARN__DUPLICATE_METHOD_MATCH = YES;
				CODE_SIGN_IDENTITY = "-";
				COPY_PHASE_STRIP = NO;
				DEBUG_INFORMATION_FORMAT = "dwarf-with-dsym";
				ENABLE_NS_ASSERTIONS = NO;
				ENABLE_STRICT_OBJC_MSGSEND = YES;
				GCC_C_LANGUAGE_STANDARD = gnu99;
				GCC_NO_COMMON_BLOCKS = YES;
				GCC_WARN_64_TO_32_BIT_CONVERSION = YES;
				GCC_WARN_ABOUT_RETURN_TYPE = YES_ERROR;
				GCC_WARN_UNDECLARED_SELECTOR = YES;
				GCC_WARN_UNINITIALIZED_AUTOS = YES_AGGRESSIVE;
				GCC_WARN_UNUSED_FUNCTION = YES;
				GCC_WARN_UNUSED_VARIABLE = YES;
				MACOSX_DEPLOYMENT_TARGET = 10.12;
				MTL_ENABLE_DEBUG_INFO = NO;
				SDKROOT = macosx;
			};
			name = Release;
		};
		9A8FBA081E88F09300C149ED /* Debug */ = {
			isa = XCBuildConfiguration;
			buildSettings = {
				DEVELOPMENT_TEAM = W395RC57B2;
				PRODUCT_NAME = "$(TARGET_NAME)";
			};
			name = Debug;
		};
		9A8FBA091E88F09300C149ED /* Release */ = {
			isa = XCBuildConfiguration;
			buildSettings = {
				DEVELOPMENT_TEAM = W395RC57B2;
				PRODUCT_NAME = "$(TARGET_NAME)";
			};
			name = Release;
		};
/* End XCBuildConfiguration section */

/* Begin XCConfigurationList section */
		9A8FB9FB1E88F09300C149ED /* Build configuration list for PBXProject "KumaClient" */ = {
			isa = XCConfigurationList;
			buildConfigurations = (
				9A8FBA051E88F09300C149ED /* Debug */,
				9A8FBA061E88F09300C149ED /* Release */,
			);
			defaultConfigurationIsVisible = 0;
			defaultConfigurationName = Release;
		};
		9A8FBA071E88F09300C149ED /* Build configuration list for PBXNativeTarget "KumaClient" */ = {
			isa = XCConfigurationList;
			buildConfigurations = (
				9A8FBA081E88F09300C149ED /* Debug */,
				9A8FBA091E88F09300C149ED /* Release */,
			);
			defaultConfigurationIsVisible = 0;
			defaultConfigurationName = Release;
		};
/* End XCConfigurationList section */
	};
	rootObject = 9A8FB9F81E88F09300C149ED /* Project object */;
}
