// !$*UTF8*$!
{
	archiveVersion = 1;
	classes = {
	};
	objectVersion = 46;
	objects = {

/* Begin PBXBuildFile section */
		8487ED151E87D23F00B10491 /* main.cpp in Sources */ = {isa = PBXBuildFile; fileRef = 8487ED141E87D23F00B10491 /* main.cpp */; };
		84C8B74A1E87FBED00081B52 /* kuma.dylib in Frameworks */ = {isa = PBXBuildFile; fileRef = 84C8B7491E87FBED00081B52 /* kuma.dylib */; };
		84C8B7521E87FD0A00081B52 /* HttpClient.cpp in Sources */ = {isa = PBXBuildFile; fileRef = 84C8B7501E87FD0A00081B52 /* HttpClient.cpp */; };
/* End PBXBuildFile section */

/* Begin PBXCopyFilesBuildPhase section */
		8487ED0F1E87D23F00B10491 /* CopyFiles */ = {
			isa = PBXCopyFilesBuildPhase;
			buildActionMask = 2147483647;
			dstPath = /usr/share/man/man1/;
			dstSubfolderSpec = 0;
			files = (
			);
			runOnlyForDeploymentPostprocessing = 1;
		};
/* End PBXCopyFilesBuildPhase section */

/* Begin PBXFileReference section */
		8487ED111E87D23F00B10491 /* KumaClient */ = {isa = PBXFileReference; explicitFileType = "compiled.mach-o.executable"; includeInIndex = 0; path = KumaClient; sourceTree = BUILT_PRODUCTS_DIR; };
		8487ED141E87D23F00B10491 /* main.cpp */ = {isa = PBXFileReference; lastKnownFileType = sourcecode.cpp.cpp; path = main.cpp; sourceTree = "<group>"; };
		84C8B7491E87FBED00081B52 /* kuma.dylib */ = {isa = PBXFileReference; lastKnownFileType = "compiled.mach-o.dylib"; name = kuma.dylib; path = "../../../../../Library/Developer/Xcode/DerivedData/kuma-fwvzgcpfnymofcamqchxtqmwrmcj/Build/Products/Debug/kuma.dylib"; sourceTree = "<group>"; };
		84C8B74F1E87FCC900081B52 /* kuma */ = {isa = PBXFileReference; lastKnownFileType = folder; path = kuma; sourceTree = "<group>"; };
		84C8B7501E87FD0A00081B52 /* HttpClient.cpp */ = {isa = PBXFileReference; fileEncoding = 4; lastKnownFileType = sourcecode.cpp.cpp; path = HttpClient.cpp; sourceTree = "<group>"; };
		84C8B7511E87FD0A00081B52 /* HttpClient.hpp */ = {isa = PBXFileReference; fileEncoding = 4; lastKnownFileType = sourcecode.cpp.h; path = HttpClient.hpp; sourceTree = "<group>"; };
/* End PBXFileReference section */

/* Begin PBXFrameworksBuildPhase section */
		8487ED0E1E87D23F00B10491 /* Frameworks */ = {
			isa = PBXFrameworksBuildPhase;
			buildActionMask = 2147483647;
			files = (
				84C8B74A1E87FBED00081B52 /* kuma.dylib in Frameworks */,
			);
			runOnlyForDeploymentPostprocessing = 0;
		};
/* End PBXFrameworksBuildPhase section */

/* Begin PBXGroup section */
		8487ED081E87D23F00B10491 = {
			isa = PBXGroup;
			children = (
				8487ED131E87D23F00B10491 /* KumaClient */,
				8487ED121E87D23F00B10491 /* Products */,
				84C8B7481E87FBED00081B52 /* Frameworks */,
			);
			sourceTree = "<group>";
		};
		8487ED121E87D23F00B10491 /* Products */ = {
			isa = PBXGroup;
			children = (
				8487ED111E87D23F00B10491 /* KumaClient */,
			);
			name = Products;
			sourceTree = "<group>";
		};
		8487ED131E87D23F00B10491 /* KumaClient */ = {
			isa = PBXGroup;
			children = (
				84C8B74F1E87FCC900081B52 /* kuma */,
				8487ED141E87D23F00B10491 /* main.cpp */,
				84C8B7501E87FD0A00081B52 /* HttpClient.cpp */,
				84C8B7511E87FD0A00081B52 /* HttpClient.hpp */,
			);
			path = KumaClient;
			sourceTree = "<group>";
		};
		84C8B7481E87FBED00081B52 /* Frameworks */ = {
			isa = PBXGroup;
			children = (
				84C8B7491E87FBED00081B52 /* kuma.dylib */,
			);
			name = Frameworks;
			sourceTree = "<group>";
		};
/* End PBXGroup section */

/* Begin PBXNativeTarget section */
		8487ED101E87D23F00B10491 /* KumaClient */ = {
			isa = PBXNativeTarget;
			buildConfigurationList = 8487ED181E87D23F00B10491 /* Build configuration list for PBXNativeTarget "KumaClient" */;
			buildPhases = (
				8487ED0D1E87D23F00B10491 /* Sources */,
				8487ED0E1E87D23F00B10491 /* Frameworks */,
				8487ED0F1E87D23F00B10491 /* CopyFiles */,
			);
			buildRules = (
			);
			dependencies = (
			);
			name = KumaClient;
			productName = KumaClient;
			productReference = 8487ED111E87D23F00B10491 /* KumaClient */;
			productType = "com.apple.product-type.tool";
		};
/* End PBXNativeTarget section */

/* Begin PBXProject section */
		8487ED091E87D23F00B10491 /* Project object */ = {
			isa = PBXProject;
			attributes = {
				LastUpgradeCheck = 0820;
				ORGANIZATIONNAME = chris;
				TargetAttributes = {
					8487ED101E87D23F00B10491 = {
						CreatedOnToolsVersion = 8.2;
						ProvisioningStyle = Automatic;
					};
				};
			};
			buildConfigurationList = 8487ED0C1E87D23F00B10491 /* Build configuration list for PBXProject "KumaClient" */;
			compatibilityVersion = "Xcode 3.2";
			developmentRegion = English;
			hasScannedForEncodings = 0;
			knownRegions = (
				en,
			);
			mainGroup = 8487ED081E87D23F00B10491;
			productRefGroup = 8487ED121E87D23F00B10491 /* Products */;
			projectDirPath = "";
			projectRoot = "";
			targets = (
				8487ED101E87D23F00B10491 /* KumaClient */,
			);
		};
/* End PBXProject section */

/* Begin PBXSourcesBuildPhase section */
		8487ED0D1E87D23F00B10491 /* Sources */ = {
			isa = PBXSourcesBuildPhase;
			buildActionMask = 2147483647;
			files = (
				84C8B7521E87FD0A00081B52 /* HttpClient.cpp in Sources */,
				8487ED151E87D23F00B10491 /* main.cpp in Sources */,
			);
			runOnlyForDeploymentPostprocessing = 0;
		};
/* End PBXSourcesBuildPhase section */

/* Begin XCBuildConfiguration section */
		8487ED161E87D23F00B10491 /* Debug */ = {
			isa = XCBuildConfiguration;
			buildSettings = {
				ALWAYS_SEARCH_USER_PATHS = NO;
				CLANG_ANALYZER_NONNULL = YES;
				CLANG_CXX_LANGUAGE_STANDARD = "gnu++0x";
				CLANG_CXX_LIBRARY = "libc++";
				CLANG_ENABLE_MODULES = YES;
				CLANG_ENABLE_OBJC_ARC = YES;
				CLANG_WARN_BOOL_CONVERSION = YES;
				CLANG_WARN_CONSTANT_CONVERSION = YES;
				CLANG_WARN_DIRECT_OBJC_ISA_USAGE = YES_ERROR;
				CLANG_WARN_DOCUMENTATION_COMMENTS = YES;
				CLANG_WARN_EMPTY_BODY = YES;
				CLANG_WARN_ENUM_CONVERSION = YES;
				CLANG_WARN_INFINITE_RECURSION = YES;
				CLANG_WARN_INT_CONVERSION = YES;
				CLANG_WARN_OBJC_ROOT_CLASS = YES_ERROR;
				CLANG_WARN_SUSPICIOUS_MOVE = YES;
				CLANG_WARN_UNREACHABLE_CODE = YES;
				CLANG_WARN__DUPLICATE_METHOD_MATCH = YES;
				CODE_SIGN_IDENTITY = "-";
				COPY_PHASE_STRIP = NO;
				DEBUG_INFORMATION_FORMAT = dwarf;
				ENABLE_STRICT_OBJC_MSGSEND = YES;
				ENABLE_TESTABILITY = YES;
				GCC_C_LANGUAGE_STANDARD = gnu99;
				GCC_DYNAMIC_NO_PIC = NO;
				GCC_NO_COMMON_BLOCKS = YES;
				GCC_OPTIMIZATION_LEVEL = 0;
				GCC_PREPROCESSOR_DEFINITIONS = (
					"DEBUG=1",
					"$(inherited)",
				);
				GCC_WARN_64_TO_32_BIT_CONVERSION = YES;
				GCC_WARN_ABOUT_RETURN_TYPE = YES_ERROR;
				GCC_WARN_UNDECLARED_SELECTOR = YES;
				GCC_WARN_UNINITIALIZED_AUTOS = YES_AGGRESSIVE;
				GCC_WARN_UNUSED_FUNCTION = YES;
				GCC_WARN_UNUSED_VARIABLE = YES;
				MACOSX_DEPLOYMENT_TARGET = 10.12;
				MTL_ENABLE_DEBUG_INFO = YES;
				ONLY_ACTIVE_ARCH = YES;
				SDKROOT = macosx;
			};
			name = Debug;
		};
		8487ED171E87D23F00B10491 /* Release */ = {
			isa = XCBuildConfiguration;
			buildSettings = {
				ALWAYS_SEARCH_USER_PATHS = NO;
				CLANG_ANALYZER_NONNULL = YES;
				CLANG_CXX_LANGUAGE_STANDARD = "gnu++0x";
				CLANG_CXX_LIBRARY = "libc++";
				CLANG_ENABLE_MODULES = YES;
				CLANG_ENABLE_OBJC_ARC = YES;
				CLANG_WARN_BOOL_CONVERSION = YES;
				CLANG_WARN_CONSTANT_CONVERSION = YES;
				CLANG_WARN_DIRECT_OBJC_ISA_USAGE = YES_ERROR;
				CLANG_WARN_DOCUMENTATION_COMMENTS = YES;
				CLANG_WARN_EMPTY_BODY = YES;
				CLANG_WARN_ENUM_CONVERSION = YES;
				CLANG_WARN_INFINITE_RECURSION = YES;
				CLANG_WARN_INT_CONVERSION = YES;
				CLANG_WARN_OBJC_ROOT_CLASS = YES_ERROR;
				CLANG_WARN_SUSPICIOUS_MOVE = YES;
				CLANG_WARN_UNREACHABLE_CODE = YES;
				CLANG_WARN__DUPLICATE_METHOD_MATCH = YES;
				CODE_SIGN_IDENTITY = "-";
				COPY_PHASE_STRIP = NO;
				DEBUG_INFORMATION_FORMAT = "dwarf-with-dsym";
				ENABLE_NS_ASSERTIONS = NO;
				ENABLE_STRICT_OBJC_MSGSEND = YES;
				GCC_C_LANGUAGE_STANDARD = gnu99;
				GCC_NO_COMMON_BLOCKS = YES;
				GCC_WARN_64_TO_32_BIT_CONVERSION = YES;
				GCC_WARN_ABOUT_RETURN_TYPE = YES_ERROR;
				GCC_WARN_UNDECLARED_SELECTOR = YES;
				GCC_WARN_UNINITIALIZED_AUTOS = YES_AGGRESSIVE;
				GCC_WARN_UNUSED_FUNCTION = YES;
				GCC_WARN_UNUSED_VARIABLE = YES;
				MACOSX_DEPLOYMENT_TARGET = 10.12;
				MTL_ENABLE_DEBUG_INFO = NO;
				SDKROOT = macosx;
			};
			name = Release;
		};
		8487ED191E87D23F00B10491 /* Debug */ = {
			isa = XCBuildConfiguration;
			buildSettings = {
				PRODUCT_NAME = "$(TARGET_NAME)";
			};
			name = Debug;
		};
		8487ED1A1E87D23F00B10491 /* Release */ = {
			isa = XCBuildConfiguration;
			buildSettings = {
				PRODUCT_NAME = "$(TARGET_NAME)";
			};
			name = Release;
		};
/* End XCBuildConfiguration section */

/* Begin XCConfigurationList section */
		8487ED0C1E87D23F00B10491 /* Build configuration list for PBXProject "KumaClient" */ = {
			isa = XCConfigurationList;
			buildConfigurations = (
				8487ED161E87D23F00B10491 /* Debug */,
				8487ED171E87D23F00B10491 /* Release */,
			);
			defaultConfigurationIsVisible = 0;
			defaultConfigurationName = Release;
		};
		8487ED181E87D23F00B10491 /* Build configuration list for PBXNativeTarget "KumaClient" */ = {
			isa = XCConfigurationList;
			buildConfigurations = (
				8487ED191E87D23F00B10491 /* Debug */,
				8487ED1A1E87D23F00B10491 /* Release */,
			);
			defaultConfigurationIsVisible = 0;
			defaultConfigurationName = Release;
		};
/* End XCConfigurationList section */
	};
	rootObject = 8487ED091E87D23F00B10491 /* Project object */;
}
